schema: '2.0'
stages:
  load_data:
    cmd: python src/load_data.py --config=params.yaml
    deps:
    - path: data_given/winequality_red.csv
      md5: 64d12b891fb15cfabf65a98bb9dad2a7
      size: 85743
    - path: src/get_data.py
      md5: a73052e40abe5fbb0523c0415fb24564
      size: 772
    - path: src/load_data.py
      md5: 24574dcecc3e3a39de450e6acb71a49e
      size: 736
    outs:
    - path: data/raw/winequality_red.csv
      md5: 86228a91cb3ca14021cce0aebdc65bf2
      size: 93569
  split_data:
    cmd: python src/split_data.py --config=params.yaml
    deps:
    - path: data/raw/winequality_red.csv
      md5: 86228a91cb3ca14021cce0aebdc65bf2
      size: 93569
    - path: src/split_data.py
      md5: d0b79a27bd3db7325015bcec9ce3f589
      size: 1099
    outs:
    - path: data/processed/test_winequality_red.csv
      md5: b31a4073fa82bc444fd5683cb5cf7e76
      size: 18832
    - path: data/processed/train_winequality_red.csv
      md5: 34dd371cf49c8e8170ccc7f91a0290a2
      size: 74884
  train_and_evaluate:
    cmd: python src/train_and_evaluation.py --config=params.yaml
    deps:
    - path: data/processed/test_winequality_red.csv
      md5: b31a4073fa82bc444fd5683cb5cf7e76
      size: 18832
    - path: data/processed/train_winequality_red.csv
      md5: 34dd371cf49c8e8170ccc7f91a0290a2
      size: 74884
    - path: src/train_and_evaluation.py
      md5: 550b4aa56768e28ac6aad9810ad14548
      size: 2713
    params:
      params.yaml:
        estimators.ElasticNet.params.alpha: 0.88
        estimators.ElasticNet.params.l1_ratio: 0.89
    outs:
    - path: reports/metrics.json
      md5: ac89e037063ee307b6d23c8ef0583610
      size: 100
    - path: reports/params.json
      md5: 0568f34313ba7c5e55128b75dbcbee5c
      size: 46
